// !$*UTF8*$!
{
	archiveVersion = 1;
	classes = {
	};
	objectVersion = 46;
	objects = {

/* Begin PBXBuildFile section */
		640ECE3E1CC42AA300E5F26E /* main.cpp in Sources */ = {isa = PBXBuildFile; fileRef = 640ECE3D1CC42AA300E5F26E /* main.cpp */; };
/* End PBXBuildFile section */

/* Begin PBXCopyFilesBuildPhase section */
		640ECE381CC42AA300E5F26E /* CopyFiles */ = {
			isa = PBXCopyFilesBuildPhase;
			buildActionMask = 2147483647;
			dstPath = /usr/share/man/man1/;
			dstSubfolderSpec = 0;
			files = (
			);
			runOnlyForDeploymentPostprocessing = 1;
		};
/* End PBXCopyFilesBuildPhase section */

/* Begin PBXFileReference section */
		640ECE3A1CC42AA300E5F26E /* Roe_CSCI2270_FinalProject */ = {isa = PBXFileReference; explicitFileType = "compiled.mach-o.executable"; includeInIndex = 0; path = Roe_CSCI2270_FinalProject; sourceTree = BUILT_PRODUCTS_DIR; };
		640ECE3D1CC42AA300E5F26E /* main.cpp */ = {isa = PBXFileReference; lastKnownFileType = sourcecode.cpp.cpp; path = main.cpp; sourceTree = "<group>"; };
/* End PBXFileReference section */

/* Begin PBXFrameworksBuildPhase section */
		640ECE371CC42AA300E5F26E /* Frameworks */ = {
			isa = PBXFrameworksBuildPhase;
			buildActionMask = 2147483647;
			files = (
			);
			runOnlyForDeploymentPostprocessing = 0;
		};
/* End PBXFrameworksBuildPhase section */

/* Begin PBXGroup section */
		640ECE311CC42AA300E5F26E = {
			isa = PBXGroup;
			children = (
				640ECE3C1CC42AA300E5F26E /* Roe_CSCI2270_FinalProject */,
				640ECE3B1CC42AA300E5F26E /* Products */,
			);
			sourceTree = "<group>";
		};
		640ECE3B1CC42AA300E5F26E /* Products */ = {
			isa = PBXGroup;
			children = (
				640ECE3A1CC42AA300E5F26E /* Roe_CSCI2270_FinalProject */,
			);
			name = Products;
			sourceTree = "<group>";
		};
		640ECE3C1CC42AA300E5F26E /* Roe_CSCI2270_FinalProject */ = {
			isa = PBXGroup;
			children = (
				640ECE3D1CC42AA300E5F26E /* main.cpp */,
			);
			path = Roe_CSCI2270_FinalProject;
			sourceTree = "<group>";
		};
/* End PBXGroup section */

/* Begin PBXNativeTarget section */
		640ECE391CC42AA300E5F26E /* Roe_CSCI2270_FinalProject */ = {
			isa = PBXNativeTarget;
			buildConfigurationList = 640ECE411CC42AA300E5F26E /* Build configuration list for PBXNativeTarget "Roe_CSCI2270_FinalProject" */;
			buildPhases = (
				640ECE361CC42AA300E5F26E /* Sources */,
				640ECE371CC42AA300E5F26E /* Frameworks */,
				640ECE381CC42AA300E5F26E /* CopyFiles */,
			);
			buildRules = (
			);
			dependencies = (
			);
			name = Roe_CSCI2270_FinalProject;
			productName = Roe_CSCI2270_FinalProject;
			productReference = 640ECE3A1CC42AA300E5F26E /* Roe_CSCI2270_FinalProject */;
			productType = "com.apple.product-type.tool";
		};
/* End PBXNativeTarget section */

/* Begin PBXProject section */
		640ECE321CC42AA300E5F26E /* Project object */ = {
			isa = PBXProject;
			attributes = {
				LastUpgradeCheck = 0730;
				ORGANIZATIONNAME = "Aliisa Roe";
				TargetAttributes = {
					640ECE391CC42AA300E5F26E = {
						CreatedOnToolsVersion = 7.3;
					};
				};
			};
			buildConfigurationList = 640ECE351CC42AA300E5F26E /* Build configuration list for PBXProject "Roe_CSCI2270_FinalProject" */;
			compatibilityVersion = "Xcode 3.2";
			developmentRegion = English;
			hasScannedForEncodings = 0;
			knownRegions = (
				en,
			);
			mainGroup = 640ECE311CC42AA300E5F26E;
			productRefGroup = 640ECE3B1CC42AA300E5F26E /* Products */;
			projectDirPath = "";
			projectRoot = "";
			targets = (
				640ECE391CC42AA300E5F26E /* Roe_CSCI2270_FinalProject */,
			);
		};
/* End PBXProject section */

/* Begin PBXSourcesBuildPhase section */
		640ECE361CC42AA300E5F26E /* Sources */ = {
			isa = PBXSourcesBuildPhase;
			buildActionMask = 2147483647;
			files = (
				640ECE3E1CC42AA300E5F26E /* main.cpp in Sources */,
			);
			runOnlyForDeploymentPostprocessing = 0;
		};
/* End PBXSourcesBuildPhase section */

/* Begin XCBuildConfiguration section */
		640ECE3F1CC42AA300E5F26E /* Debug */ = {
			isa = XCBuildConfiguration;
			buildSettings = {
				ALWAYS_SEARCH_USER_PATHS = NO;
				CLANG_ANALYZER_NONNULL = YES;
				CLANG_CXX_LANGUAGE_STANDARD = "gnu++0x";
				CLANG_CXX_LIBRARY = "libc++";
				CLANG_ENABLE_MODULES = YES;
				CLANG_ENABLE_OBJC_ARC = YES;
				CLANG_WARN_BOOL_CONVERSION = YES;
				CLANG_WARN_CONSTANT_CONVERSION = YES;
				CLANG_WARN_DIRECT_OBJC_ISA_USAGE = YES_ERROR;
				CLANG_WARN_EMPTY_BODY = YES;
				CLANG_WARN_ENUM_CONVERSION = YES;
				CLANG_WARN_INT_CONVERSION = YES;
				CLANG_WARN_OBJC_ROOT_CLASS = YES_ERROR;
				CLANG_WARN_UNREACHABLE_CODE = YES;
				CLANG_WARN__DUPLICATE_METHOD_MATCH = YES;
				CODE_SIGN_IDENTITY = "-";
				COPY_PHASE_STRIP = NO;
				DEBUG_INFORMATION_FORMAT = dwarf;
				ENABLE_STRICT_OBJC_MSGSEND = YES;
				ENABLE_TESTABILITY = YES;
				GCC_C_LANGUAGE_STANDARD = gnu99;
				GCC_DYNAMIC_NO_PIC = NO;
				GCC_NO_COMMON_BLOCKS = YES;
				GCC_OPTIMIZATION_LEVEL = 0;
				GCC_PREPROCESSOR_DEFINITIONS = (
					"DEBUG=1",
					"$(inherited)",
				);
				GCC_WARN_64_TO_32_BIT_CONVERSION = YES;
				GCC_WARN_ABOUT_RETURN_TYPE = YES_ERROR;
				GCC_WARN_UNDECLARED_SELECTOR = YES;
				GCC_WARN_UNINITIALIZED_AUTOS = YES_AGGRESSIVE;
				GCC_WARN_UNUSED_FUNCTION = YES;
				GCC_WARN_UNUSED_VARIABLE = YES;
				MACOSX_DEPLOYMENT_TARGET = 10.11;
				MTL_ENABLE_DEBUG_INFO = YES;
				ONLY_ACTIVE_ARCH = YES;
				SDKROOT = macosx;
			};
			name = Debug;
		};
		640ECE401CC42AA300E5F26E /* Release */ = {
			isa = XCBuildConfiguration;
			buildSettings = {
				ALWAYS_SEARCH_USER_PATHS = NO;
				CLANG_ANALYZER_NONNULL = YES;
				CLANG_CXX_LANGUAGE_STANDARD = "gnu++0x";
				CLANG_CXX_LIBRARY = "libc++";
				CLANG_ENABLE_MODULES = YES;
				CLANG_ENABLE_OBJC_ARC = YES;
				CLANG_WARN_BOOL_CONVERSION = YES;
				CLANG_WARN_CONSTANT_CONVERSION = YES;
				CLANG_WARN_DIRECT_OBJC_ISA_USAGE = YES_ERROR;
				CLANG_WARN_EMPTY_BODY = YES;
				CLANG_WARN_ENUM_CONVERSION = YES;
				CLANG_WARN_INT_CONVERSION = YES;
				CLANG_WARN_OBJC_ROOT_CLASS = YES_ERROR;
				CLANG_WARN_UNREACHABLE_CODE = YES;
				CLANG_WARN__DUPLICATE_METHOD_MATCH = YES;
				CODE_SIGN_IDENTITY = "-";
				COPY_PHASE_STRIP = NO;
				DEBUG_INFORMATION_FORMAT = "dwarf-with-dsym";
				ENABLE_NS_ASSERTIONS = NO;
				ENABLE_STRICT_OBJC_MSGSEND = YES;
				GCC_C_LANGUAGE_STANDARD = gnu99;
				GCC_NO_COMMON_BLOCKS = YES;
				GCC_WARN_64_TO_32_BIT_CONVERSION = YES;
				GCC_WARN_ABOUT_RETURN_TYPE = YES_ERROR;
				GCC_WARN_UNDECLARED_SELECTOR = YES;
				GCC_WARN_UNINITIALIZED_AUTOS = YES_AGGRESSIVE;
				GCC_WARN_UNUSED_FUNCTION = YES;
				GCC_WARN_UNUSED_VARIABLE = YES;
				MACOSX_DEPLOYMENT_TARGET = 10.11;
				MTL_ENABLE_DEBUG_INFO = NO;
				SDKROOT = macosx;
			};
			name = Release;
		};
		640ECE421CC42AA300E5F26E /* Debug */ = {
			isa = XCBuildConfiguration;
			buildSettings = {
				PRODUCT_NAME = "$(TARGET_NAME)";
			};
			name = Debug;
		};
		640ECE431CC42AA300E5F26E /* Release */ = {
			isa = XCBuildConfiguration;
			buildSettings = {
				PRODUCT_NAME = "$(TARGET_NAME)";
			};
			name = Release;
		};
/* End XCBuildConfiguration section */

/* Begin XCConfigurationList section */
		640ECE351CC42AA300E5F26E /* Build configuration list for PBXProject "Roe_CSCI2270_FinalProject" */ = {
			isa = XCConfigurationList;
			buildConfigurations = (
				640ECE3F1CC42AA300E5F26E /* Debug */,
				640ECE401CC42AA300E5F26E /* Release */,
			);
			defaultConfigurationIsVisible = 0;
			defaultConfigurationName = Release;
		};
		640ECE411CC42AA300E5F26E /* Build configuration list for PBXNativeTarget "Roe_CSCI2270_FinalProject" */ = {
			isa = XCConfigurationList;
			buildConfigurations = (
				640ECE421CC42AA300E5F26E /* Debug */,
				640ECE431CC42AA300E5F26E /* Release */,
			);
			defaultConfigurationIsVisible = 0;
		};
/* End XCConfigurationList section */
	};
	rootObject = 640ECE321CC42AA300E5F26E /* Project object */;
}
